
Microsoft Visual Studio Solution File, Format Version 12.00
# Visual Studio Version 16
VisualStudioVersion = 16.0.30320.27
MinimumVisualStudioVersion = 10.0.40219.1
Project("{159641D6-6404-4A2A-AE62-294DE0FE8301}") = "Ejercicio1", "Ejercicio1\Ejercicio1.dtproj", "{EF067A80-655A-452E-A6A2-87BF23C2EC23}"
EndProject
Global
	GlobalSection(SolutionConfigurationPlatforms) = preSolution
		Azure|Default = Azure|Default
		Development|Default = Development|Default
	EndGlobalSection
	GlobalSection(ProjectConfigurationPlatforms) = postSolution
		{EF067A80-655A-452E-A6A2-87BF23C2EC23}.Azure|Default.ActiveCfg = Azure
		{EF067A80-655A-452E-A6A2-87BF23C2EC23}.Azure|Default.Build.0 = Azure
		{EF067A80-655A-452E-A6A2-87BF23C2EC23}.Development|Default.ActiveCfg = Development
		{EF067A80-655A-452E-A6A2-87BF23C2EC23}.Development|Default.Build.0 = Development
	EndGlobalSection
	GlobalSection(SolutionProperties) = preSolution
		HideSolutionNode = FALSE
	EndGlobalSection
	GlobalSection(ExtensibilityGlobals) = postSolution
		SolutionGuid = {A2FA15C5-2D75-42EC-B9FE-79B315D57097}
	EndGlobalSection
EndGlobal
